
Microsoft Visual Studio Solution File, Format Version 12.00
# Visual Studio 15
VisualStudioVersion = 15.0.28010.2036
MinimumVisualStudioVersion = 10.0.40219.1
Project("{FAE04EC0-301F-11D3-BF4B-00C04F79EFBC}") = "Lawyer-2", "Lawyer-2\Lawyer-2.csproj", "{4BD4BFDC-0C65-4BF3-A161-4AC68F2318A9}"
EndProject
Global
	GlobalSection(SolutionConfigurationPlatforms) = preSolution
		Debug|Any CPU = Debug|Any CPU
		Release|Any CPU = Release|Any CPU
	EndGlobalSection
	GlobalSection(ProjectConfigurationPlatforms) = postSolution
		{4BD4BFDC-0C65-4BF3-A161-4AC68F2318A9}.Debug|Any CPU.ActiveCfg = Debug|Any CPU
		{4BD4BFDC-0C65-4BF3-A161-4AC68F2318A9}.Debug|Any CPU.Build.0 = Debug|Any CPU
		{4BD4BFDC-0C65-4BF3-A161-4AC68F2318A9}.Release|Any CPU.ActiveCfg = Release|Any CPU
		{4BD4BFDC-0C65-4BF3-A161-4AC68F2318A9}.Release|Any CPU.Build.0 = Release|Any CPU
	EndGlobalSection
	GlobalSection(SolutionProperties) = preSolution
		HideSolutionNode = FALSE
	EndGlobalSection
	GlobalSection(ExtensibilityGlobals) = postSolution
		SolutionGuid = {A02A151D-B413-475B-BE13-2474789FFD87}
	EndGlobalSection
EndGlobal
